
Microsoft Visual Studio Solution File, Format Version 12.00
# Visual Studio Version 16
VisualStudioVersion = 25.0.1704.4
MinimumVisualStudioVersion = 10.0.40219.1
Project("{FAE04EC0-301F-11D3-BF4B-00C04F79EFBC}") = "PokemonApiProject", "PokemonApiProject\PokemonApiProject.csproj", "{9C6553CF-3C62-470A-92D7-9F9992CE7C04}"
EndProject
Global
	GlobalSection(SolutionConfigurationPlatforms) = preSolution
		Debug|Any CPU = Debug|Any CPU
		Release|Any CPU = Release|Any CPU
	EndGlobalSection
	GlobalSection(ProjectConfigurationPlatforms) = postSolution
		{9C6553CF-3C62-470A-92D7-9F9992CE7C04}.Debug|Any CPU.ActiveCfg = Debug|Any CPU
		{9C6553CF-3C62-470A-92D7-9F9992CE7C04}.Debug|Any CPU.Build.0 = Debug|Any CPU
		{9C6553CF-3C62-470A-92D7-9F9992CE7C04}.Release|Any CPU.ActiveCfg = Release|Any CPU
		{9C6553CF-3C62-470A-92D7-9F9992CE7C04}.Release|Any CPU.Build.0 = Release|Any CPU
	EndGlobalSection
	GlobalSection(SolutionProperties) = preSolution
		HideSolutionNode = FALSE
	EndGlobalSection
	GlobalSection(ExtensibilityGlobals) = postSolution
		SolutionGuid = {691A24AD-DEDE-4657-9FB1-88CF510652CA}
	EndGlobalSection
EndGlobal
